
Microsoft Visual Studio Solution File, Format Version 12.00
# Visual Studio Version 16
VisualStudioVersion = 25.0.1706.2
MinimumVisualStudioVersion = 10.0.40219.1
Project("{FAE04EC0-301F-11D3-BF4B-00C04F79EFBC}") = "TDMPW_2P_PR01", "TDMPW_2P_PR01\TDMPW_2P_PR01.csproj", "{675AF391-660D-43B4-9690-026058E3DD3B}"
EndProject
Global
	GlobalSection(SolutionConfigurationPlatforms) = preSolution
		Debug|Any CPU = Debug|Any CPU
		Release|Any CPU = Release|Any CPU
	EndGlobalSection
	GlobalSection(ProjectConfigurationPlatforms) = postSolution
		{675AF391-660D-43B4-9690-026058E3DD3B}.Debug|Any CPU.ActiveCfg = Debug|Any CPU
		{675AF391-660D-43B4-9690-026058E3DD3B}.Debug|Any CPU.Build.0 = Debug|Any CPU
		{675AF391-660D-43B4-9690-026058E3DD3B}.Release|Any CPU.ActiveCfg = Release|Any CPU
		{675AF391-660D-43B4-9690-026058E3DD3B}.Release|Any CPU.Build.0 = Release|Any CPU
	EndGlobalSection
	GlobalSection(SolutionProperties) = preSolution
		HideSolutionNode = FALSE
	EndGlobalSection
	GlobalSection(ExtensibilityGlobals) = postSolution
		SolutionGuid = {7BCAFB36-F4AF-4A8C-A007-2CC02E5720F0}
	EndGlobalSection
EndGlobal
