
Microsoft Visual Studio Solution File, Format Version 12.00
# Visual Studio Version 16
VisualStudioVersion = 25.0.1706.2
MinimumVisualStudioVersion = 10.0.40219.1
Project("{FAE04EC0-301F-11D3-BF4B-00C04F79EFBC}") = "TDMPW_1P_PR02", "TDMPW_1P_PR02\TDMPW_1P_PR02.csproj", "{597FED45-0D71-4D6D-97D7-411523BBBC17}"
EndProject
Global
	GlobalSection(SolutionConfigurationPlatforms) = preSolution
		Debug|Any CPU = Debug|Any CPU
		Release|Any CPU = Release|Any CPU
	EndGlobalSection
	GlobalSection(ProjectConfigurationPlatforms) = postSolution
		{597FED45-0D71-4D6D-97D7-411523BBBC17}.Debug|Any CPU.ActiveCfg = Debug|Any CPU
		{597FED45-0D71-4D6D-97D7-411523BBBC17}.Debug|Any CPU.Build.0 = Debug|Any CPU
		{597FED45-0D71-4D6D-97D7-411523BBBC17}.Release|Any CPU.ActiveCfg = Release|Any CPU
		{597FED45-0D71-4D6D-97D7-411523BBBC17}.Release|Any CPU.Build.0 = Release|Any CPU
	EndGlobalSection
	GlobalSection(SolutionProperties) = preSolution
		HideSolutionNode = FALSE
	EndGlobalSection
	GlobalSection(ExtensibilityGlobals) = postSolution
		SolutionGuid = {AFC3599E-1027-4208-9AE0-1DF98EABA923}
	EndGlobalSection
EndGlobal
